
Microsoft Visual Studio Solution File, Format Version 12.00
# Visual Studio Version 17
VisualStudioVersion = 17.14.36414.22 d17.14
MinimumVisualStudioVersion = 10.0.40219.1
Project("{FAE04EC0-301F-11D3-BF4B-00C04F79EFBC}") = "lab1_Gorishniy_Yashin-ISP-232", "lab1_Gorishniy_Yashin-ISP-232\lab1_Gorishniy_Yashin-ISP-232.csproj", "{C4EF5320-32F9-4234-83B9-6F438A51CA25}"
EndProject
Global
	GlobalSection(SolutionConfigurationPlatforms) = preSolution
		Debug|Any CPU = Debug|Any CPU
		Release|Any CPU = Release|Any CPU
	EndGlobalSection
	GlobalSection(ProjectConfigurationPlatforms) = postSolution
		{C4EF5320-32F9-4234-83B9-6F438A51CA25}.Debug|Any CPU.ActiveCfg = Debug|Any CPU
		{C4EF5320-32F9-4234-83B9-6F438A51CA25}.Debug|Any CPU.Build.0 = Debug|Any CPU
		{C4EF5320-32F9-4234-83B9-6F438A51CA25}.Release|Any CPU.ActiveCfg = Release|Any CPU
		{C4EF5320-32F9-4234-83B9-6F438A51CA25}.Release|Any CPU.Build.0 = Release|Any CPU
	EndGlobalSection
	GlobalSection(SolutionProperties) = preSolution
		HideSolutionNode = FALSE
	EndGlobalSection
	GlobalSection(ExtensibilityGlobals) = postSolution
		SolutionGuid = {065C23D6-1EA0-40DC-B0C7-A34C486849F8}
	EndGlobalSection
EndGlobal
